
Microsoft Visual Studio Solution File, Format Version 12.00
# Visual Studio Version 16
VisualStudioVersion = 16.0.31729.503
MinimumVisualStudioVersion = 10.0.40219.1
Project("{FAE04EC0-301F-11D3-BF4B-00C04F79EFBC}") = "CodeBlockFitness.BL", "CodeBlockFitness.BL\CodeBlockFitness.BL.csproj", "{B4601F77-B85F-4F89-8A10-0AB0061BBC4A}"
EndProject
Project("{FAE04EC0-301F-11D3-BF4B-00C04F79EFBC}") = "CodeBlockFitness.CMD", "CodeBlockFitness.CMD\CodeBlockFitness.CMD.csproj", "{2E7E7205-7235-4F73-BE7D-24E9911E984E}"
EndProject
Global
	GlobalSection(SolutionConfigurationPlatforms) = preSolution
		Debug|Any CPU = Debug|Any CPU
		Release|Any CPU = Release|Any CPU
	EndGlobalSection
	GlobalSection(ProjectConfigurationPlatforms) = postSolution
		{B4601F77-B85F-4F89-8A10-0AB0061BBC4A}.Debug|Any CPU.ActiveCfg = Debug|Any CPU
		{B4601F77-B85F-4F89-8A10-0AB0061BBC4A}.Debug|Any CPU.Build.0 = Debug|Any CPU
		{B4601F77-B85F-4F89-8A10-0AB0061BBC4A}.Release|Any CPU.ActiveCfg = Release|Any CPU
		{B4601F77-B85F-4F89-8A10-0AB0061BBC4A}.Release|Any CPU.Build.0 = Release|Any CPU
		{2E7E7205-7235-4F73-BE7D-24E9911E984E}.Debug|Any CPU.ActiveCfg = Debug|Any CPU
		{2E7E7205-7235-4F73-BE7D-24E9911E984E}.Debug|Any CPU.Build.0 = Debug|Any CPU
		{2E7E7205-7235-4F73-BE7D-24E9911E984E}.Release|Any CPU.ActiveCfg = Release|Any CPU
		{2E7E7205-7235-4F73-BE7D-24E9911E984E}.Release|Any CPU.Build.0 = Release|Any CPU
	EndGlobalSection
	GlobalSection(SolutionProperties) = preSolution
		HideSolutionNode = FALSE
	EndGlobalSection
	GlobalSection(ExtensibilityGlobals) = postSolution
		SolutionGuid = {E2666799-4AAB-40EF-B3F2-771C8DB20E59}
	EndGlobalSection
EndGlobal
